
Microsoft Visual Studio Solution File, Format Version 12.00
# Visual Studio Version 17
VisualStudioVersion = 17.7.34202.233
MinimumVisualStudioVersion = 10.0.40219.1
Project("{9A19103F-16F7-4668-BE54-9A1E7A4F7556}") = "CleanArchitectureApp", "CleanArchitectureApp\CleanArchitectureApp.csproj", "{E2B7DC59-3475-497A-B9DF-B8FEC25D75FB}"
EndProject
Project("{9A19103F-16F7-4668-BE54-9A1E7A4F7556}") = "CleanArchitectureApp.Application", "CleanArchitectureApp.Application\CleanArchitectureApp.Application.csproj", "{921394F9-BB38-4786-A389-CAE8269ABDBD}"
EndProject
Project("{9A19103F-16F7-4668-BE54-9A1E7A4F7556}") = "CleanArchitectureApp.Infrastructure", "CleanArchitectureApp.Infrastructure\CleanArchitectureApp.Infrastructure.csproj", "{D1559DEF-820E-4FE7-887C-C56CC89EB57A}"
EndProject
Project("{9A19103F-16F7-4668-BE54-9A1E7A4F7556}") = "CleanArchitectureApp.Domain", "CleanArchitectureApp.Domain\CleanArchitectureApp.Domain.csproj", "{AB62EA1B-C3AF-4E98-816A-A774C2318630}"
EndProject
Project("{9A19103F-16F7-4668-BE54-9A1E7A4F7556}") = "CleanArchitectureApp.Tests", "CleanArchitectureApp.Tests\CleanArchitectureApp.Tests.csproj", "{5272613B-9309-488F-8677-9F2F1D31DD8A}"
EndProject
Project("{E53339B2-1760-4266-BCC7-CA923CBCF16C}") = "docker-compose", "docker-compose.dcproj", "{A8DEA471-1CBB-48EC-9BAE-69CBB8EE43E8}"
EndProject
Global
	GlobalSection(SolutionConfigurationPlatforms) = preSolution
		Debug|Any CPU = Debug|Any CPU
		Release|Any CPU = Release|Any CPU
	EndGlobalSection
	GlobalSection(ProjectConfigurationPlatforms) = postSolution
		{E2B7DC59-3475-497A-B9DF-B8FEC25D75FB}.Debug|Any CPU.ActiveCfg = Debug|Any CPU
		{E2B7DC59-3475-497A-B9DF-B8FEC25D75FB}.Debug|Any CPU.Build.0 = Debug|Any CPU
		{E2B7DC59-3475-497A-B9DF-B8FEC25D75FB}.Release|Any CPU.ActiveCfg = Release|Any CPU
		{E2B7DC59-3475-497A-B9DF-B8FEC25D75FB}.Release|Any CPU.Build.0 = Release|Any CPU
		{921394F9-BB38-4786-A389-CAE8269ABDBD}.Debug|Any CPU.ActiveCfg = Debug|Any CPU
		{921394F9-BB38-4786-A389-CAE8269ABDBD}.Debug|Any CPU.Build.0 = Debug|Any CPU
		{921394F9-BB38-4786-A389-CAE8269ABDBD}.Release|Any CPU.ActiveCfg = Release|Any CPU
		{921394F9-BB38-4786-A389-CAE8269ABDBD}.Release|Any CPU.Build.0 = Release|Any CPU
		{D1559DEF-820E-4FE7-887C-C56CC89EB57A}.Debug|Any CPU.ActiveCfg = Debug|Any CPU
		{D1559DEF-820E-4FE7-887C-C56CC89EB57A}.Debug|Any CPU.Build.0 = Debug|Any CPU
		{D1559DEF-820E-4FE7-887C-C56CC89EB57A}.Release|Any CPU.ActiveCfg = Release|Any CPU
		{D1559DEF-820E-4FE7-887C-C56CC89EB57A}.Release|Any CPU.Build.0 = Release|Any CPU
		{AB62EA1B-C3AF-4E98-816A-A774C2318630}.Debug|Any CPU.ActiveCfg = Debug|Any CPU
		{AB62EA1B-C3AF-4E98-816A-A774C2318630}.Debug|Any CPU.Build.0 = Debug|Any CPU
		{AB62EA1B-C3AF-4E98-816A-A774C2318630}.Release|Any CPU.ActiveCfg = Release|Any CPU
		{AB62EA1B-C3AF-4E98-816A-A774C2318630}.Release|Any CPU.Build.0 = Release|Any CPU
		{5272613B-9309-488F-8677-9F2F1D31DD8A}.Debug|Any CPU.ActiveCfg = Debug|Any CPU
		{5272613B-9309-488F-8677-9F2F1D31DD8A}.Debug|Any CPU.Build.0 = Debug|Any CPU
		{5272613B-9309-488F-8677-9F2F1D31DD8A}.Release|Any CPU.ActiveCfg = Release|Any CPU
		{5272613B-9309-488F-8677-9F2F1D31DD8A}.Release|Any CPU.Build.0 = Release|Any CPU
		{A8DEA471-1CBB-48EC-9BAE-69CBB8EE43E8}.Debug|Any CPU.ActiveCfg = Debug|Any CPU
		{A8DEA471-1CBB-48EC-9BAE-69CBB8EE43E8}.Debug|Any CPU.Build.0 = Debug|Any CPU
		{A8DEA471-1CBB-48EC-9BAE-69CBB8EE43E8}.Release|Any CPU.ActiveCfg = Release|Any CPU
		{A8DEA471-1CBB-48EC-9BAE-69CBB8EE43E8}.Release|Any CPU.Build.0 = Release|Any CPU
	EndGlobalSection
	GlobalSection(SolutionProperties) = preSolution
		HideSolutionNode = FALSE
	EndGlobalSection
	GlobalSection(ExtensibilityGlobals) = postSolution
		SolutionGuid = {A2FB5326-AB34-4829-95EF-A86666F36566}
	EndGlobalSection
EndGlobal
